
Microsoft Visual Studio Solution File, Format Version 12.00
# Visual Studio Version 17
VisualStudioVersion = 17.10.35004.147
MinimumVisualStudioVersion = 10.0.40219.1
Project("{FAE04EC0-301F-11D3-BF4B-00C04F79EFBC}") = "FASTY_FOOD", "FASTY_FOOD\FASTY_FOOD.csproj", "{732DA549-CBCC-46CB-97A2-74E305612337}"
EndProject
Project("{FAE04EC0-301F-11D3-BF4B-00C04F79EFBC}") = "BL_FASTY_FOOD", "BL_FASTY_FOOD\BL_FASTY_FOOD.csproj", "{7FDB19AD-3891-42B2-83AB-A963E942BA60}"
EndProject
Project("{FAE04EC0-301F-11D3-BF4B-00C04F79EFBC}") = "DAC_FASTY_FOOD", "DAC_FASTY_FOOD\DAC_FASTY_FOOD.csproj", "{CCDA4CCA-CF57-4DE3-BB15-6D4397A65125}"
EndProject
Project("{FAE04EC0-301F-11D3-BF4B-00C04F79EFBC}") = "BE_FASTY_FOOD", "BE_FASTY_FOOD\BE_FASTY_FOOD.csproj", "{43D1BE02-D0E6-4A3E-84E1-77D410BC9656}"
EndProject
Project("{FAE04EC0-301F-11D3-BF4B-00C04F79EFBC}") = "DATABASE_FASTY_FOOD", "DATABASE_FASTY_FOOD\DATABASE_FASTY_FOOD.csproj", "{64248328-8BDE-421B-803F-EF2F9B153A40}"
EndProject
Global
	GlobalSection(SolutionConfigurationPlatforms) = preSolution
		Debug|Any CPU = Debug|Any CPU
		Release|Any CPU = Release|Any CPU
	EndGlobalSection
	GlobalSection(ProjectConfigurationPlatforms) = postSolution
		{732DA549-CBCC-46CB-97A2-74E305612337}.Debug|Any CPU.ActiveCfg = Debug|Any CPU
		{732DA549-CBCC-46CB-97A2-74E305612337}.Debug|Any CPU.Build.0 = Debug|Any CPU
		{732DA549-CBCC-46CB-97A2-74E305612337}.Release|Any CPU.ActiveCfg = Release|Any CPU
		{732DA549-CBCC-46CB-97A2-74E305612337}.Release|Any CPU.Build.0 = Release|Any CPU
		{7FDB19AD-3891-42B2-83AB-A963E942BA60}.Debug|Any CPU.ActiveCfg = Debug|Any CPU
		{7FDB19AD-3891-42B2-83AB-A963E942BA60}.Debug|Any CPU.Build.0 = Debug|Any CPU
		{7FDB19AD-3891-42B2-83AB-A963E942BA60}.Release|Any CPU.ActiveCfg = Release|Any CPU
		{7FDB19AD-3891-42B2-83AB-A963E942BA60}.Release|Any CPU.Build.0 = Release|Any CPU
		{CCDA4CCA-CF57-4DE3-BB15-6D4397A65125}.Debug|Any CPU.ActiveCfg = Debug|Any CPU
		{CCDA4CCA-CF57-4DE3-BB15-6D4397A65125}.Debug|Any CPU.Build.0 = Debug|Any CPU
		{CCDA4CCA-CF57-4DE3-BB15-6D4397A65125}.Release|Any CPU.ActiveCfg = Release|Any CPU
		{CCDA4CCA-CF57-4DE3-BB15-6D4397A65125}.Release|Any CPU.Build.0 = Release|Any CPU
		{43D1BE02-D0E6-4A3E-84E1-77D410BC9656}.Debug|Any CPU.ActiveCfg = Debug|Any CPU
		{43D1BE02-D0E6-4A3E-84E1-77D410BC9656}.Debug|Any CPU.Build.0 = Debug|Any CPU
		{43D1BE02-D0E6-4A3E-84E1-77D410BC9656}.Release|Any CPU.ActiveCfg = Release|Any CPU
		{43D1BE02-D0E6-4A3E-84E1-77D410BC9656}.Release|Any CPU.Build.0 = Release|Any CPU
		{64248328-8BDE-421B-803F-EF2F9B153A40}.Debug|Any CPU.ActiveCfg = Debug|Any CPU
		{64248328-8BDE-421B-803F-EF2F9B153A40}.Debug|Any CPU.Build.0 = Debug|Any CPU
		{64248328-8BDE-421B-803F-EF2F9B153A40}.Release|Any CPU.ActiveCfg = Release|Any CPU
		{64248328-8BDE-421B-803F-EF2F9B153A40}.Release|Any CPU.Build.0 = Release|Any CPU
	EndGlobalSection
	GlobalSection(SolutionProperties) = preSolution
		HideSolutionNode = FALSE
	EndGlobalSection
	GlobalSection(ExtensibilityGlobals) = postSolution
		SolutionGuid = {2873F25A-6000-4DB2-83B5-11AF20867552}
	EndGlobalSection
EndGlobal
